<?xml version="1.0" encoding="utf-8"?>
<Project ToolsVersion="4.0" xmlns="http://schemas.microsoft.com/developer/msbuild/2003">
  <ItemGroup>
    <Filter Include="Source Files">
      <UniqueIdentifier>{4FC737F1-C7A5-4376-A066-2A32D752A2FF}</UniqueIdentifier>
      <Extensions>cpp;c;cc;cxx;c++;cppm;ixx;def;odl;idl;hpj;bat;asm;asmx</Extensions>
    </Filter>
    <Filter Include="Header Files">
      <UniqueIdentifier>{93995380-89BD-4b04-88EB-625FBE52EBFB}</UniqueIdentifier>
      <Extensions>h;hh;hpp;hxx;h++;hm;inl;inc;ipp;xsd</Extensions>
    </Filter>
    <Filter Include="Resource Files">
      <UniqueIdentifier>{67DA6AB6-F800-4c08-8B7A-83BB121AAD01}</UniqueIdentifier>
      <Extensions>rc;ico;cur;bmp;dlg;rc2;rct;bin;rgs;gif;jpg;jpeg;jpe;resx;tiff;tif;png;wav;mfcribbon-ms</Extensions>
    </Filter>
    <Filter Include="RAII code">
      <UniqueIdentifier>{0356262e-9bba-489d-ad22-17e175dae9a0}</UniqueIdentifier>
    </Filter>
  </ItemGroup>
  <ItemGroup>
    <ClCompile Include="Main.cpp">
      <Filter>Source Files</Filter>
    </ClCompile>
    <ClCompile Include="ChangeSymlink.cpp">
      <Filter>Source Files</Filter>
    </ClCompile>
    <ClCompile Include="FindPID.cpp">
      <Filter>Source Files</Filter>
    </ClCompile>
    <ClCompile Include="Error.cpp">
      <Filter>Source Files</Filter>
    </ClCompile>
    <ClCompile Include="GetFirstThreadID.cpp">
      <Filter>Source Files</Filter>
    </ClCompile>
    <ClCompile Include="SetPrivilege.cpp">
      <Filter>Source Files</Filter>
    </ClCompile>
    <ClCompile Include="ImpersonateAndUnload.cpp">
      <Filter>Source Files</Filter>
    </ClCompile>
    <ClCompile Include="RAII_Handle.cpp">
      <Filter>RAII code</Filter>
    </ClCompile>
    <ClCompile Include="RAII_Hmodule.cpp">
      <Filter>RAII code</Filter>
    </ClCompile>
    <ClCompile Include="RAII_ScHandle.cpp">
      <Filter>RAII code</Filter>
    </ClCompile>
    <ClCompile Include="GetSymbolicLinkTarget.cpp">
      <Filter>Source Files</Filter>
    </ClCompile>
    <ClCompile Include="GetSystem.cpp">
      <Filter>Source Files</Filter>
    </ClCompile>
  </ItemGroup>
  <ItemGroup>
    <ClInclude Include="common.h">
      <Filter>Header Files</Filter>
    </ClInclude>
    <ClInclude Include="raii.h">
      <Filter>RAII code</Filter>
    </ClInclude>
  </ItemGroup>
  <ItemGroup>
    <None Include="README.md">
      <Filter>Resource Files</Filter>
    </None>
    <None Include="legit.sys">
      <Filter>Resource Files</Filter>
    </None>
  </ItemGroup>
</Project>